<?xml version="1.0" encoding="utf-8"?>
<Project ToolsVersion="4.0" xmlns="http://schemas.microsoft.com/developer/msbuild/2003">
  <ItemGroup>
    <Filter Include="Resource Files">
      <UniqueIdentifier>{67DA6AB6-F800-4c08-8B7A-83BB121AAD01}</UniqueIdentifier>
      <Extensions>rc;ico;cur;bmp;dlg;rc2;rct;bin;rgs;gif;jpg;jpeg;jpe;resx;tiff;tif;png;wav;mfcribbon-ms</Extensions>
    </Filter>
    <Filter Include="Main">
      <UniqueIdentifier>{4FC737F1-C7A5-4376-A066-2A32D752A2FF}</UniqueIdentifier>
      <Extensions>cpp;c;cc;cxx;def;odl;idl;hpj;bat;asm;asmx</Extensions>
    </Filter>
    <Filter Include="Common">
      <UniqueIdentifier>{29fe140f-880d-43ff-a90a-36259cda0684}</UniqueIdentifier>
    </Filter>
    <Filter Include="DetectorLogic">
      <UniqueIdentifier>{93995380-89BD-4b04-88EB-625FBE52EBFB}</UniqueIdentifier>
      <Extensions>h;hh;hpp;hxx;hm;inl;inc;xsd</Extensions>
    </Filter>
    <Filter Include="DetectorLogic\Detector">
      <UniqueIdentifier>{83cf159d-50b0-4766-b01e-728aaf50d723}</UniqueIdentifier>
    </Filter>
    <Filter Include="Common\Decoder">
      <UniqueIdentifier>{0bd833fd-90fb-44ec-be17-2cd4e3b2db1e}</UniqueIdentifier>
    </Filter>
    <Filter Include="Common\MiniHook">
      <UniqueIdentifier>{386ce8cf-9879-4c37-93e2-21c51ee78d82}</UniqueIdentifier>
    </Filter>
    <Filter Include="Common\MiniHook\include">
      <UniqueIdentifier>{4e846504-61d2-4211-95d3-b77f37891518}</UniqueIdentifier>
    </Filter>
    <Filter Include="Common\MiniHook\src">
      <UniqueIdentifier>{07aaa053-e59b-40c2-be0d-a813e0fd75d4}</UniqueIdentifier>
    </Filter>
    <Filter Include="Common\MiniHook\src\hde">
      <UniqueIdentifier>{b9ad42fa-2284-4060-958e-4b1dbeb3a03f}</UniqueIdentifier>
    </Filter>
    <Filter Include="TestSuite">
      <UniqueIdentifier>{977cbaa5-feb2-4835-8c5e-a5b37e7232c5}</UniqueIdentifier>
    </Filter>
    <Filter Include="MemProtect">
      <UniqueIdentifier>{1bb53729-64a6-4c04-a9b2-5de25a5440e6}</UniqueIdentifier>
    </Filter>
  </ItemGroup>
  <ItemGroup>
    <Text Include="ReadMe.txt" />
  </ItemGroup>
  <ItemGroup>
    <ClInclude Include="stdafx.h">
      <Filter>Main</Filter>
    </ClInclude>
    <ClInclude Include="targetver.h">
      <Filter>Main</Filter>
    </ClInclude>
    <ClInclude Include="DetectorProtal.h">
      <Filter>DetectorLogic</Filter>
    </ClInclude>
    <ClInclude Include="DebuggerProtCleaner.h">
      <Filter>DetectorLogic\Detector</Filter>
    </ClInclude>
    <ClInclude Include="DllInjectDetector.h">
      <Filter>DetectorLogic\Detector</Filter>
    </ClInclude>
    <ClInclude Include="FileIntegrityDetection.h">
      <Filter>DetectorLogic\Detector</Filter>
    </ClInclude>
    <ClInclude Include="ProcessDetector.h">
      <Filter>DetectorLogic\Detector</Filter>
    </ClInclude>
    <ClInclude Include="WindowDetector.h">
      <Filter>DetectorLogic\Detector</Filter>
    </ClInclude>
    <ClInclude Include="ImageIntegrityDetector.h">
      <Filter>DetectorLogic\Detector</Filter>
    </ClInclude>
    <ClInclude Include="..\ThirdParty\Decoder\crc32.h">
      <Filter>Common\Decoder</Filter>
    </ClInclude>
    <ClInclude Include="..\ThirdParty\Decoder\md5.h">
      <Filter>Common\Decoder</Filter>
    </ClInclude>
    <ClInclude Include="..\ThirdParty\MiniHook\include\MinHook.h">
      <Filter>Common\MiniHook\include</Filter>
    </ClInclude>
    <ClInclude Include="..\ThirdParty\MiniHook\src\hde\hde32.h">
      <Filter>Common\MiniHook\src\hde</Filter>
    </ClInclude>
    <ClInclude Include="..\ThirdParty\MiniHook\src\hde\hde64.h">
      <Filter>Common\MiniHook\src\hde</Filter>
    </ClInclude>
    <ClInclude Include="..\ThirdParty\MiniHook\src\hde\pstdint.h">
      <Filter>Common\MiniHook\src\hde</Filter>
    </ClInclude>
    <ClInclude Include="..\ThirdParty\MiniHook\src\hde\table32.h">
      <Filter>Common\MiniHook\src\hde</Filter>
    </ClInclude>
    <ClInclude Include="..\ThirdParty\MiniHook\src\hde\table64.h">
      <Filter>Common\MiniHook\src\hde</Filter>
    </ClInclude>
    <ClInclude Include="..\ThirdParty\MiniHook\src\buffer.h">
      <Filter>Common\MiniHook\src</Filter>
    </ClInclude>
    <ClInclude Include="..\ThirdParty\MiniHook\src\trampoline.h">
      <Filter>Common\MiniHook\src</Filter>
    </ClInclude>
    <ClInclude Include="..\TestSuite\TestSuitePortal.h">
      <Filter>TestSuite</Filter>
    </ClInclude>
    <ClInclude Include="..\TestSuite\TMemBase.h">
      <Filter>TestSuite</Filter>
    </ClInclude>
    <ClInclude Include="..\include\CommonMacro.h">
      <Filter>Common</Filter>
    </ClInclude>
    <ClInclude Include="DebuggerDetector.h">
      <Filter>DetectorLogic\Detector</Filter>
    </ClInclude>
    <ClInclude Include="..\include\PEFuncs.h">
      <Filter>Common\MiniHook</Filter>
    </ClInclude>
    <ClInclude Include="..\include\Framework.h">
      <Filter>DetectorLogic</Filter>
    </ClInclude>
    <ClInclude Include="MemProtect.h">
      <Filter>MemProtect</Filter>
    </ClInclude>
  </ItemGroup>
  <ItemGroup>
    <ClCompile Include="stdafx.cpp">
      <Filter>Main</Filter>
    </ClCompile>
    <ClCompile Include="GameGuard.cpp">
      <Filter>Main</Filter>
    </ClCompile>
    <ClCompile Include="DetectorProtal.cpp">
      <Filter>DetectorLogic</Filter>
    </ClCompile>
    <ClCompile Include="DebuggerProtCleaner.cpp">
      <Filter>DetectorLogic\Detector</Filter>
    </ClCompile>
    <ClCompile Include="DllInjectDetector.cpp">
      <Filter>DetectorLogic\Detector</Filter>
    </ClCompile>
    <ClCompile Include="FileIntegrityDetection.cpp">
      <Filter>DetectorLogic\Detector</Filter>
    </ClCompile>
    <ClCompile Include="ProcessDetector.cpp">
      <Filter>DetectorLogic\Detector</Filter>
    </ClCompile>
    <ClCompile Include="WindowDetector.cpp">
      <Filter>DetectorLogic\Detector</Filter>
    </ClCompile>
    <ClCompile Include="ImageIntegrityDetector.cpp">
      <Filter>DetectorLogic\Detector</Filter>
    </ClCompile>
    <ClCompile Include="..\ThirdParty\Decoder\crc32.cpp">
      <Filter>Common\Decoder</Filter>
    </ClCompile>
    <ClCompile Include="..\ThirdParty\Decoder\md5.cpp">
      <Filter>Common\Decoder</Filter>
    </ClCompile>
    <ClCompile Include="..\ThirdParty\MiniHook\src\hde\hde32.c">
      <Filter>Common\MiniHook\src\hde</Filter>
    </ClCompile>
    <ClCompile Include="..\ThirdParty\MiniHook\src\hde\hde64.c">
      <Filter>Common\MiniHook\src\hde</Filter>
    </ClCompile>
    <ClCompile Include="..\ThirdParty\MiniHook\src\buffer.c">
      <Filter>Common\MiniHook\src</Filter>
    </ClCompile>
    <ClCompile Include="..\ThirdParty\MiniHook\src\hook.c">
      <Filter>Common\MiniHook\src</Filter>
    </ClCompile>
    <ClCompile Include="..\ThirdParty\MiniHook\src\trampoline.c">
      <Filter>Common\MiniHook\src</Filter>
    </ClCompile>
    <ClCompile Include="..\TestSuite\TestSuitePortal.cpp">
      <Filter>TestSuite</Filter>
    </ClCompile>
    <ClCompile Include="..\TestSuite\TMemBase.cpp">
      <Filter>TestSuite</Filter>
    </ClCompile>
    <ClCompile Include="DebuggerDetector.cpp">
      <Filter>DetectorLogic\Detector</Filter>
    </ClCompile>
    <ClCompile Include="..\include\PEFuncs.cpp">
      <Filter>Common\MiniHook</Filter>
    </ClCompile>
    <ClCompile Include="MemProtect.cpp">
      <Filter>MemProtect</Filter>
    </ClCompile>
  </ItemGroup>
</Project>