<?xml version="1.0" encoding="utf-8"?>
<Project ToolsVersion="4.0" xmlns="http://schemas.microsoft.com/developer/msbuild/2003">
  <ItemGroup>
    <Filter Include="Source Files">
      <UniqueIdentifier>{4FC737F1-C7A5-4376-A066-2A32D752A2FF}</UniqueIdentifier>
      <Extensions>cpp;c;cc;cxx;def;odl;idl;hpj;bat;asm;asmx</Extensions>
    </Filter>
    <Filter Include="Header Files">
      <UniqueIdentifier>{93995380-89BD-4b04-88EB-625FBE52EBFB}</UniqueIdentifier>
      <Extensions>h;hh;hpp;hxx;hm;inl;inc;xsd</Extensions>
    </Filter>
    <Filter Include="Resource Files">
      <UniqueIdentifier>{67DA6AB6-F800-4c08-8B7A-83BB121AAD01}</UniqueIdentifier>
      <Extensions>rc;ico;cur;bmp;dlg;rc2;rct;bin;rgs;gif;jpg;jpeg;jpe;resx;tiff;tif;png;wav;mfcribbon-ms</Extensions>
    </Filter>
    <Filter Include="Apc">
      <UniqueIdentifier>{e746d8e3-35a6-4013-9cdf-16593e16d9a4}</UniqueIdentifier>
    </Filter>
    <Filter Include="BlookHook">
      <UniqueIdentifier>{0aff0810-4d84-4f3c-87af-2f7710d44035}</UniqueIdentifier>
    </Filter>
    <Filter Include="DebugInject">
      <UniqueIdentifier>{166425bb-356e-4169-b476-9b58c797c829}</UniqueIdentifier>
    </Filter>
    <Filter Include="HookInject">
      <UniqueIdentifier>{4a5eb1be-dccb-4502-a87d-44e23ecc9562}</UniqueIdentifier>
    </Filter>
    <Filter Include="Hijack">
      <UniqueIdentifier>{7d6c338e-f154-4d2a-9d6e-625afdb79e7b}</UniqueIdentifier>
    </Filter>
    <Filter Include="InputInject">
      <UniqueIdentifier>{6a3e5c9b-0556-4982-bfe0-05e8d6040061}</UniqueIdentifier>
    </Filter>
    <Filter Include="ImportInject">
      <UniqueIdentifier>{93a25f3e-c57c-42f6-99c5-a10015d956e5}</UniqueIdentifier>
    </Filter>
    <Filter Include="ProcessInject">
      <UniqueIdentifier>{74a629fc-3a4c-4045-b72d-ec88307588ad}</UniqueIdentifier>
    </Filter>
    <Filter Include="RegInject">
      <UniqueIdentifier>{a5c40384-a195-4013-b05b-1cf288206459}</UniqueIdentifier>
    </Filter>
    <Filter Include="RemoteInject">
      <UniqueIdentifier>{8fd54537-83d0-4104-9167-748ce3f31ee5}</UniqueIdentifier>
    </Filter>
    <Filter Include="ThreadInject">
      <UniqueIdentifier>{3f535b50-4227-4781-a6f7-9490450840f7}</UniqueIdentifier>
    </Filter>
    <Filter Include="PEFunctions">
      <UniqueIdentifier>{37db6455-7559-4d9e-856a-589b40b03c6e}</UniqueIdentifier>
    </Filter>
  </ItemGroup>
  <ItemGroup>
    <Text Include="ReadMe.txt" />
  </ItemGroup>
  <ItemGroup>
    <ClInclude Include="stdafx.h">
      <Filter>Header Files</Filter>
    </ClInclude>
    <ClInclude Include="targetver.h">
      <Filter>Header Files</Filter>
    </ClInclude>
    <ClInclude Include="src\APCInject.h">
      <Filter>Apc</Filter>
    </ClInclude>
    <ClInclude Include="src\DebugInject.h">
      <Filter>DebugInject</Filter>
    </ClInclude>
    <ClInclude Include="src\BlookHook.h">
      <Filter>BlookHook</Filter>
    </ClInclude>
    <ClInclude Include="src\HookInject.h">
      <Filter>HookInject</Filter>
    </ClInclude>
    <ClInclude Include="src\Hijack.h">
      <Filter>Hijack</Filter>
    </ClInclude>
    <ClInclude Include="src\ImportInject.h">
      <Filter>ImportInject</Filter>
    </ClInclude>
    <ClInclude Include="src\InputInject.h">
      <Filter>InputInject</Filter>
    </ClInclude>
    <ClInclude Include="src\ProcessInject.h">
      <Filter>ProcessInject</Filter>
    </ClInclude>
    <ClInclude Include="src\RegInject.h">
      <Filter>RegInject</Filter>
    </ClInclude>
    <ClInclude Include="src\RemoteInject.h">
      <Filter>RemoteInject</Filter>
    </ClInclude>
    <ClInclude Include="src\ThreadInject.h">
      <Filter>ThreadInject</Filter>
    </ClInclude>
    <ClInclude Include="src\PEFuncs.h">
      <Filter>PEFunctions</Filter>
    </ClInclude>
  </ItemGroup>
  <ItemGroup>
    <ClCompile Include="stdafx.cpp">
      <Filter>Source Files</Filter>
    </ClCompile>
    <ClCompile Include="TestHook.cpp">
      <Filter>Source Files</Filter>
    </ClCompile>
    <ClCompile Include="src\APCInject.cpp">
      <Filter>Apc</Filter>
    </ClCompile>
    <ClCompile Include="src\DebugInject.cpp">
      <Filter>DebugInject</Filter>
    </ClCompile>
    <ClCompile Include="src\BlookHook.cpp">
      <Filter>BlookHook</Filter>
    </ClCompile>
    <ClCompile Include="src\HookInject.cpp">
      <Filter>HookInject</Filter>
    </ClCompile>
    <ClCompile Include="src\Hijack.cpp">
      <Filter>Hijack</Filter>
    </ClCompile>
    <ClCompile Include="src\ImportInject.cpp">
      <Filter>ImportInject</Filter>
    </ClCompile>
    <ClCompile Include="src\InputInject.cpp">
      <Filter>InputInject</Filter>
    </ClCompile>
    <ClCompile Include="src\ProcessInject.cpp">
      <Filter>ProcessInject</Filter>
    </ClCompile>
    <ClCompile Include="src\RegInject.cpp">
      <Filter>RegInject</Filter>
    </ClCompile>
    <ClCompile Include="src\RemoteInject.cpp">
      <Filter>RemoteInject</Filter>
    </ClCompile>
    <ClCompile Include="src\ThreadInject.cpp">
      <Filter>ThreadInject</Filter>
    </ClCompile>
    <ClCompile Include="src\PEFuncs.cpp">
      <Filter>PEFunctions</Filter>
    </ClCompile>
  </ItemGroup>
</Project>