<?xml version="1.0" encoding="utf-8"?>
<Project ToolsVersion="4.0" xmlns="http://schemas.microsoft.com/developer/msbuild/2003">
  <ItemGroup>
    <Filter Include="Source Files">
      <UniqueIdentifier>{4FC737F1-C7A5-4376-A066-2A32D752A2FF}</UniqueIdentifier>
      <Extensions>cpp;c;cc;cxx;def;odl;idl;hpj;bat;asm;asmx</Extensions>
    </Filter>
    <Filter Include="Header Files">
      <UniqueIdentifier>{93995380-89BD-4b04-88EB-625FBE52EBFB}</UniqueIdentifier>
      <Extensions>h;hh;hpp;hxx;hm;inl;inc;xsd</Extensions>
    </Filter>
    <Filter Include="Resource Files">
      <UniqueIdentifier>{67DA6AB6-F800-4c08-8B7A-83BB121AAD01}</UniqueIdentifier>
      <Extensions>rc;ico;cur;bmp;dlg;rc2;rct;bin;rgs;gif;jpg;jpeg;jpe;resx;tiff;tif;png;wav;mfcribbon-ms</Extensions>
    </Filter>
    <Filter Include="MiniHook">
      <UniqueIdentifier>{7a0cf451-2447-4d08-9b70-298b35711c0e}</UniqueIdentifier>
    </Filter>
    <Filter Include="MiniHook\include">
      <UniqueIdentifier>{bf29d4dc-c212-44e3-90c7-d19b24da17e9}</UniqueIdentifier>
    </Filter>
    <Filter Include="MiniHook\src">
      <UniqueIdentifier>{250ca562-85d6-4ded-8854-57fd08dc5c19}</UniqueIdentifier>
    </Filter>
    <Filter Include="MiniHook\src\hde">
      <UniqueIdentifier>{022a402a-4bd7-40c3-a79d-4211c79cddff}</UniqueIdentifier>
    </Filter>
  </ItemGroup>
  <ItemGroup>
    <Text Include="ReadMe.txt" />
  </ItemGroup>
  <ItemGroup>
    <ClInclude Include="stdafx.h">
      <Filter>Header Files</Filter>
    </ClInclude>
    <ClInclude Include="targetver.h">
      <Filter>Header Files</Filter>
    </ClInclude>
    <ClInclude Include="..\MiniHook\include\MinHook.h">
      <Filter>MiniHook\include</Filter>
    </ClInclude>
    <ClInclude Include="..\MiniHook\src\buffer.h">
      <Filter>MiniHook\src</Filter>
    </ClInclude>
    <ClInclude Include="..\MiniHook\src\trampoline.h">
      <Filter>MiniHook\src</Filter>
    </ClInclude>
    <ClInclude Include="..\MiniHook\src\hde\hde32.h">
      <Filter>MiniHook\src\hde</Filter>
    </ClInclude>
    <ClInclude Include="..\MiniHook\src\hde\hde64.h">
      <Filter>MiniHook\src\hde</Filter>
    </ClInclude>
    <ClInclude Include="..\MiniHook\src\hde\pstdint.h">
      <Filter>MiniHook\src\hde</Filter>
    </ClInclude>
    <ClInclude Include="..\MiniHook\src\hde\table32.h">
      <Filter>MiniHook\src\hde</Filter>
    </ClInclude>
    <ClInclude Include="..\MiniHook\src\hde\table64.h">
      <Filter>MiniHook\src\hde</Filter>
    </ClInclude>
  </ItemGroup>
  <ItemGroup>
    <ClCompile Include="stdafx.cpp">
      <Filter>Source Files</Filter>
    </ClCompile>
    <ClCompile Include="ExeToHook.cpp">
      <Filter>Source Files</Filter>
    </ClCompile>
    <ClCompile Include="..\MiniHook\src\buffer.c">
      <Filter>MiniHook\src</Filter>
    </ClCompile>
    <ClCompile Include="..\MiniHook\src\hook.c">
      <Filter>MiniHook\src</Filter>
    </ClCompile>
    <ClCompile Include="..\MiniHook\src\trampoline.c">
      <Filter>MiniHook\src</Filter>
    </ClCompile>
    <ClCompile Include="..\MiniHook\src\hde\hde32.c">
      <Filter>MiniHook\src\hde</Filter>
    </ClCompile>
    <ClCompile Include="..\MiniHook\src\hde\hde64.c">
      <Filter>MiniHook\src\hde</Filter>
    </ClCompile>
  </ItemGroup>
</Project>